// !$*UTF8*$!
{
	archiveVersion = 1;
	classes = {
	};
	objectVersion = 55;
	objects = {

/* Begin PBXBuildFile section */
		A561942C28889744002DACD6 /* WorkstationApp.swift in Sources */ = {isa = PBXBuildFile; fileRef = A561942B28889744002DACD6 /* WorkstationApp.swift */; };
		A561942E28889744002DACD6 /* ContentView.swift in Sources */ = {isa = PBXBuildFile; fileRef = A561942D28889744002DACD6 /* ContentView.swift */; };
		A561943028889746002DACD6 /* Assets.xcassets in Resources */ = {isa = PBXBuildFile; fileRef = A561942F28889746002DACD6 /* Assets.xcassets */; };
		A561943328889746002DACD6 /* Preview Assets.xcassets in Resources */ = {isa = PBXBuildFile; fileRef = A561943228889746002DACD6 /* Preview Assets.xcassets */; };
		A561943D28889746002DACD6 /* WorkstationTests.swift in Sources */ = {isa = PBXBuildFile; fileRef = A561943C28889746002DACD6 /* WorkstationTests.swift */; };
		A561944728889746002DACD6 /* WorkstationUITests.swift in Sources */ = {isa = PBXBuildFile; fileRef = A561944628889746002DACD6 /* WorkstationUITests.swift */; };
		A561944928889746002DACD6 /* WorkstationUITestsLaunchTests.swift in Sources */ = {isa = PBXBuildFile; fileRef = A561944828889746002DACD6 /* WorkstationUITestsLaunchTests.swift */; };
/* End PBXBuildFile section */

/* Begin PBXContainerItemProxy section */
		A561943928889746002DACD6 /* PBXContainerItemProxy */ = {
			isa = PBXContainerItemProxy;
			containerPortal = A561942028889744002DACD6 /* Project object */;
			proxyType = 1;
			remoteGlobalIDString = A561942728889744002DACD6;
			remoteInfo = Workstation;
		};
		A561944328889746002DACD6 /* PBXContainerItemProxy */ = {
			isa = PBXContainerItemProxy;
			containerPortal = A561942028889744002DACD6 /* Project object */;
			proxyType = 1;
			remoteGlobalIDString = A561942728889744002DACD6;
			remoteInfo = Workstation;
		};
/* End PBXContainerItemProxy section */

/* Begin PBXFileReference section */
		A561942828889744002DACD6 /* Workstation.app */ = {isa = PBXFileReference; explicitFileType = wrapper.application; includeInIndex = 0; path = Workstation.app; sourceTree = BUILT_PRODUCTS_DIR; };
		A561942B28889744002DACD6 /* WorkstationApp.swift */ = {isa = PBXFileReference; lastKnownFileType = sourcecode.swift; path = WorkstationApp.swift; sourceTree = "<group>"; };
		A561942D28889744002DACD6 /* ContentView.swift */ = {isa = PBXFileReference; lastKnownFileType = sourcecode.swift; path = ContentView.swift; sourceTree = "<group>"; };
		A561942F28889746002DACD6 /* Assets.xcassets */ = {isa = PBXFileReference; lastKnownFileType = folder.assetcatalog; path = Assets.xcassets; sourceTree = "<group>"; };
		A561943228889746002DACD6 /* Preview Assets.xcassets */ = {isa = PBXFileReference; lastKnownFileType = folder.assetcatalog; path = "Preview Assets.xcassets"; sourceTree = "<group>"; };
		A561943828889746002DACD6 /* WorkstationTests.xctest */ = {isa = PBXFileReference; explicitFileType = wrapper.cfbundle; includeInIndex = 0; path = WorkstationTests.xctest; sourceTree = BUILT_PRODUCTS_DIR; };
		A561943C28889746002DACD6 /* WorkstationTests.swift */ = {isa = PBXFileReference; lastKnownFileType = sourcecode.swift; path = WorkstationTests.swift; sourceTree = "<group>"; };
		A561944228889746002DACD6 /* WorkstationUITests.xctest */ = {isa = PBXFileReference; explicitFileType = wrapper.cfbundle; includeInIndex = 0; path = WorkstationUITests.xctest; sourceTree = BUILT_PRODUCTS_DIR; };
		A561944628889746002DACD6 /* WorkstationUITests.swift */ = {isa = PBXFileReference; lastKnownFileType = sourcecode.swift; path = WorkstationUITests.swift; sourceTree = "<group>"; };
		A561944828889746002DACD6 /* WorkstationUITestsLaunchTests.swift */ = {isa = PBXFileReference; lastKnownFileType = sourcecode.swift; path = WorkstationUITestsLaunchTests.swift; sourceTree = "<group>"; };
/* End PBXFileReference section */

/* Begin PBXFrameworksBuildPhase section */
		A561942528889744002DACD6 /* Frameworks */ = {
			isa = PBXFrameworksBuildPhase;
			buildActionMask = 2147483647;
			files = (
			);
			runOnlyForDeploymentPostprocessing = 0;
		};
		A561943528889746002DACD6 /* Frameworks */ = {
			isa = PBXFrameworksBuildPhase;
			buildActionMask = 2147483647;
			files = (
			);
			runOnlyForDeploymentPostprocessing = 0;
		};
		A561943F28889746002DACD6 /* Frameworks */ = {
			isa = PBXFrameworksBuildPhase;
			buildActionMask = 2147483647;
			files = (
			);
			runOnlyForDeploymentPostprocessing = 0;
		};
/* End PBXFrameworksBuildPhase section */

/* Begin PBXGroup section */
		A561941F28889744002DACD6 = {
			isa = PBXGroup;
			children = (
				A561942A28889744002DACD6 /* Workstation */,
				A561943B28889746002DACD6 /* WorkstationTests */,
				A561944528889746002DACD6 /* WorkstationUITests */,
				A561942928889744002DACD6 /* Products */,
			);
			sourceTree = "<group>";
		};
		A561942928889744002DACD6 /* Products */ = {
			isa = PBXGroup;
			children = (
				A561942828889744002DACD6 /* Workstation.app */,
				A561943828889746002DACD6 /* WorkstationTests.xctest */,
				A561944228889746002DACD6 /* WorkstationUITests.xctest */,
			);
			name = Products;
			sourceTree = "<group>";
		};
		A561942A28889744002DACD6 /* Workstation */ = {
			isa = PBXGroup;
			children = (
				A561942B28889744002DACD6 /* WorkstationApp.swift */,
				A561942D28889744002DACD6 /* ContentView.swift */,
				A561942F28889746002DACD6 /* Assets.xcassets */,
				A561943128889746002DACD6 /* Preview Content */,
			);
			path = Workstation;
			sourceTree = "<group>";
		};
		A561943128889746002DACD6 /* Preview Content */ = {
			isa = PBXGroup;
			children = (
				A561943228889746002DACD6 /* Preview Assets.xcassets */,
			);
			path = "Preview Content";
			sourceTree = "<group>";
		};
		A561943B28889746002DACD6 /* WorkstationTests */ = {
			isa = PBXGroup;
			children = (
				A561943C28889746002DACD6 /* WorkstationTests.swift */,
			);
			path = WorkstationTests;
			sourceTree = "<group>";
		};
		A561944528889746002DACD6 /* WorkstationUITests */ = {
			isa = PBXGroup;
			children = (
				A561944628889746002DACD6 /* WorkstationUITests.swift */,
				A561944828889746002DACD6 /* WorkstationUITestsLaunchTests.swift */,
			);
			path = WorkstationUITests;
			sourceTree = "<group>";
		};
/* End PBXGroup section */

/* Begin PBXNativeTarget section */
		A561942728889744002DACD6 /* Workstation */ = {
			isa = PBXNativeTarget;
			buildConfigurationList = A561944C28889746002DACD6 /* Build configuration list for PBXNativeTarget "Workstation" */;
			buildPhases = (
				A561942428889744002DACD6 /* Sources */,
				A561942528889744002DACD6 /* Frameworks */,
				A561942628889744002DACD6 /* Resources */,
			);
			buildRules = (
			);
			dependencies = (
			);
			name = Workstation;
			productName = Workstation;
			productReference = A561942828889744002DACD6 /* Workstation.app */;
			productType = "com.apple.product-type.application";
		};
		A561943728889746002DACD6 /* WorkstationTests */ = {
			isa = PBXNativeTarget;
			buildConfigurationList = A561944F28889746002DACD6 /* Build configuration list for PBXNativeTarget "WorkstationTests" */;
			buildPhases = (
				A561943428889746002DACD6 /* Sources */,
				A561943528889746002DACD6 /* Frameworks */,
				A561943628889746002DACD6 /* Resources */,
			);
			buildRules = (
			);
			dependencies = (
				A561943A28889746002DACD6 /* PBXTargetDependency */,
			);
			name = WorkstationTests;
			productName = WorkstationTests;
			productReference = A561943828889746002DACD6 /* WorkstationTests.xctest */;
			productType = "com.apple.product-type.bundle.unit-test";
		};
		A561944128889746002DACD6 /* WorkstationUITests */ = {
			isa = PBXNativeTarget;
			buildConfigurationList = A561945228889746002DACD6 /* Build configuration list for PBXNativeTarget "WorkstationUITests" */;
			buildPhases = (
				A561943E28889746002DACD6 /* Sources */,
				A561943F28889746002DACD6 /* Frameworks */,
				A561944028889746002DACD6 /* Resources */,
			);
			buildRules = (
			);
			dependencies = (
				A561944428889746002DACD6 /* PBXTargetDependency */,
			);
			name = WorkstationUITests;
			productName = WorkstationUITests;
			productReference = A561944228889746002DACD6 /* WorkstationUITests.xctest */;
			productType = "com.apple.product-type.bundle.ui-testing";
		};
/* End PBXNativeTarget section */

/* Begin PBXProject section */
		A561942028889744002DACD6 /* Project object */ = {
			isa = PBXProject;
			attributes = {
				BuildIndependentTargetsInParallel = 1;
				LastSwiftUpdateCheck = 1340;
				LastUpgradeCheck = 1340;
				TargetAttributes = {
					A561942728889744002DACD6 = {
						CreatedOnToolsVersion = 13.4.1;
					};
					A561943728889746002DACD6 = {
						CreatedOnToolsVersion = 13.4.1;
						TestTargetID = A561942728889744002DACD6;
					};
					A561944128889746002DACD6 = {
						CreatedOnToolsVersion = 13.4.1;
						TestTargetID = A561942728889744002DACD6;
					};
				};
			};
			buildConfigurationList = A561942328889744002DACD6 /* Build configuration list for PBXProject "Workstation" */;
			compatibilityVersion = "Xcode 13.0";
			developmentRegion = en;
			hasScannedForEncodings = 0;
			knownRegions = (
				en,
				Base,
			);
			mainGroup = A561941F28889744002DACD6;
			productRefGroup = A561942928889744002DACD6 /* Products */;
			projectDirPath = "";
			projectRoot = "";
			targets = (
				A561942728889744002DACD6 /* Workstation */,
				A561943728889746002DACD6 /* WorkstationTests */,
				A561944128889746002DACD6 /* WorkstationUITests */,
			);
		};
/* End PBXProject section */

/* Begin PBXResourcesBuildPhase section */
		A561942628889744002DACD6 /* Resources */ = {
			isa = PBXResourcesBuildPhase;
			buildActionMask = 2147483647;
			files = (
				A561943328889746002DACD6 /* Preview Assets.xcassets in Resources */,
				A561943028889746002DACD6 /* Assets.xcassets in Resources */,
			);
			runOnlyForDeploymentPostprocessing = 0;
		};
		A561943628889746002DACD6 /* Resources */ = {
			isa = PBXResourcesBuildPhase;
			buildActionMask = 2147483647;
			files = (
			);
			runOnlyForDeploymentPostprocessing = 0;
		};
		A561944028889746002DACD6 /* Resources */ = {
			isa = PBXResourcesBuildPhase;
			buildActionMask = 2147483647;
			files = (
			);
			runOnlyForDeploymentPostprocessing = 0;
		};
/* End PBXResourcesBuildPhase section */

/* Begin PBXSourcesBuildPhase section */
		A561942428889744002DACD6 /* Sources */ = {
			isa = PBXSourcesBuildPhase;
			buildActionMask = 2147483647;
			files = (
				A561942E28889744002DACD6 /* ContentView.swift in Sources */,
				A561942C28889744002DACD6 /* WorkstationApp.swift in Sources */,
			);
			runOnlyForDeploymentPostprocessing = 0;
		};
		A561943428889746002DACD6 /* Sources */ = {
			isa = PBXSourcesBuildPhase;
			buildActionMask = 2147483647;
			files = (
				A561943D28889746002DACD6 /* WorkstationTests.swift in Sources */,
			);
			runOnlyForDeploymentPostprocessing = 0;
		};
		A561943E28889746002DACD6 /* Sources */ = {
			isa = PBXSourcesBuildPhase;
			buildActionMask = 2147483647;
			files = (
				A561944928889746002DACD6 /* WorkstationUITestsLaunchTests.swift in Sources */,
				A561944728889746002DACD6 /* WorkstationUITests.swift in Sources */,
			);
			runOnlyForDeploymentPostprocessing = 0;
		};
/* End PBXSourcesBuildPhase section */

/* Begin PBXTargetDependency section */
		A561943A28889746002DACD6 /* PBXTargetDependency */ = {
			isa = PBXTargetDependency;
			target = A561942728889744002DACD6 /* Workstation */;
			targetProxy = A561943928889746002DACD6 /* PBXContainerItemProxy */;
		};
		A561944428889746002DACD6 /* PBXTargetDependency */ = {
			isa = PBXTargetDependency;
			target = A561942728889744002DACD6 /* Workstation */;
			targetProxy = A561944328889746002DACD6 /* PBXContainerItemProxy */;
		};
/* End PBXTargetDependency section */

/* Begin XCBuildConfiguration section */
		A561944A28889746002DACD6 /* Debug */ = {
			isa = XCBuildConfiguration;
			buildSettings = {
				ALWAYS_SEARCH_USER_PATHS = NO;
				CLANG_ANALYZER_NONNULL = YES;
				CLANG_ANALYZER_NUMBER_OBJECT_CONVERSION = YES_AGGRESSIVE;
				CLANG_CXX_LANGUAGE_STANDARD = "gnu++17";
				CLANG_ENABLE_MODULES = YES;
				CLANG_ENABLE_OBJC_ARC = YES;
				CLANG_ENABLE_OBJC_WEAK = YES;
				CLANG_WARN_BLOCK_CAPTURE_AUTORELEASING = YES;
				CLANG_WARN_BOOL_CONVERSION = YES;
				CLANG_WARN_COMMA = YES;
				CLANG_WARN_CONSTANT_CONVERSION = YES;
				CLANG_WARN_DEPRECATED_OBJC_IMPLEMENTATIONS = YES;
				CLANG_WARN_DIRECT_OBJC_ISA_USAGE = YES_ERROR;
				CLANG_WARN_DOCUMENTATION_COMMENTS = YES;
				CLANG_WARN_EMPTY_BODY = YES;
				CLANG_WARN_ENUM_CONVERSION = YES;
				CLANG_WARN_INFINITE_RECURSION = YES;
				CLANG_WARN_INT_CONVERSION = YES;
				CLANG_WARN_NON_LITERAL_NULL_CONVERSION = YES;
				CLANG_WARN_OBJC_IMPLICIT_RETAIN_SELF = YES;
				CLANG_WARN_OBJC_LITERAL_CONVERSION = YES;
				CLANG_WARN_OBJC_ROOT_CLASS = YES_ERROR;
				CLANG_WARN_QUOTED_INCLUDE_IN_FRAMEWORK_HEADER = YES;
				CLANG_WARN_RANGE_LOOP_ANALYSIS = YES;
				CLANG_WARN_STRICT_PROTOTYPES = YES;
				CLANG_WARN_SUSPICIOUS_MOVE = YES;
				CLANG_WARN_UNGUARDED_AVAILABILITY = YES_AGGRESSIVE;
				CLANG_WARN_UNREACHABLE_CODE = YES;
				CLANG_WARN__DUPLICATE_METHOD_MATCH = YES;
				COPY_PHASE_STRIP = NO;
				DEBUG_INFORMATION_FORMAT = dwarf;
				ENABLE_STRICT_OBJC_MSGSEND = YES;
				ENABLE_TESTABILITY = YES;
				GCC_C_LANGUAGE_STANDARD = gnu11;
				GCC_DYNAMIC_NO_PIC = NO;
				GCC_NO_COMMON_BLOCKS = YES;
				GCC_OPTIMIZATION_LEVEL = 0;
				GCC_PREPROCESSOR_DEFINITIONS = (
					"DEBUG=1",
					"$(inherited)",
				);
				GCC_WARN_64_TO_32_BIT_CONVERSION = YES;
				GCC_WARN_ABOUT_RETURN_TYPE = YES_ERROR;
				GCC_WARN_UNDECLARED_SELECTOR = YES;
				GCC_WARN_UNINITIALIZED_AUTOS = YES_AGGRESSIVE;
				GCC_WARN_UNUSED_FUNCTION = YES;
				GCC_WARN_UNUSED_VARIABLE = YES;
				IPHONEOS_DEPLOYMENT_TARGET = 15.5;
				MTL_ENABLE_DEBUG_INFO = INCLUDE_SOURCE;
				MTL_FAST_MATH = YES;
				ONLY_ACTIVE_ARCH = YES;
				SDKROOT = iphoneos;
				SWIFT_ACTIVE_COMPILATION_CONDITIONS = DEBUG;
				SWIFT_OPTIMIZATION_LEVEL = "-Onone";
			};
			name = Debug;
		};
		A561944B28889746002DACD6 /* Release */ = {
			isa = XCBuildConfiguration;
			buildSettings = {
				ALWAYS_SEARCH_USER_PATHS = NO;
				CLANG_ANALYZER_NONNULL = YES;
				CLANG_ANALYZER_NUMBER_OBJECT_CONVERSION = YES_AGGRESSIVE;
				CLANG_CXX_LANGUAGE_STANDARD = "gnu++17";
				CLANG_ENABLE_MODULES = YES;
				CLANG_ENABLE_OBJC_ARC = YES;
				CLANG_ENABLE_OBJC_WEAK = YES;
				CLANG_WARN_BLOCK_CAPTURE_AUTORELEASING = YES;
				CLANG_WARN_BOOL_CONVERSION = YES;
				CLANG_WARN_COMMA = YES;
				CLANG_WARN_CONSTANT_CONVERSION = YES;
				CLANG_WARN_DEPRECATED_OBJC_IMPLEMENTATIONS = YES;
				CLANG_WARN_DIRECT_OBJC_ISA_USAGE = YES_ERROR;
				CLANG_WARN_DOCUMENTATION_COMMENTS = YES;
				CLANG_WARN_EMPTY_BODY = YES;
				CLANG_WARN_ENUM_CONVERSION = YES;
				CLANG_WARN_INFINITE_RECURSION = YES;
				CLANG_WARN_INT_CONVERSION = YES;
				CLANG_WARN_NON_LITERAL_NULL_CONVERSION = YES;
				CLANG_WARN_OBJC_IMPLICIT_RETAIN_SELF = YES;
				CLANG_WARN_OBJC_LITERAL_CONVERSION = YES;
				CLANG_WARN_OBJC_ROOT_CLASS = YES_ERROR;
				CLANG_WARN_QUOTED_INCLUDE_IN_FRAMEWORK_HEADER = YES;
				CLANG_WARN_RANGE_LOOP_ANALYSIS = YES;
				CLANG_WARN_STRICT_PROTOTYPES = YES;
				CLANG_WARN_SUSPICIOUS_MOVE = YES;
				CLANG_WARN_UNGUARDED_AVAILABILITY = YES_AGGRESSIVE;
				CLANG_WARN_UNREACHABLE_CODE = YES;
				CLANG_WARN__DUPLICATE_METHOD_MATCH = YES;
				COPY_PHASE_STRIP = NO;
				DEBUG_INFORMATION_FORMAT = "dwarf-with-dsym";
				ENABLE_NS_ASSERTIONS = NO;
				ENABLE_STRICT_OBJC_MSGSEND = YES;
				GCC_C_LANGUAGE_STANDARD = gnu11;
				GCC_NO_COMMON_BLOCKS = YES;
				GCC_WARN_64_TO_32_BIT_CONVERSION = YES;
				GCC_WARN_ABOUT_RETURN_TYPE = YES_ERROR;
				GCC_WARN_UNDECLARED_SELECTOR = YES;
				GCC_WARN_UNINITIALIZED_AUTOS = YES_AGGRESSIVE;
				GCC_WARN_UNUSED_FUNCTION = YES;
				GCC_WARN_UNUSED_VARIABLE = YES;
				IPHONEOS_DEPLOYMENT_TARGET = 15.5;
				MTL_ENABLE_DEBUG_INFO = NO;
				MTL_FAST_MATH = YES;
				SDKROOT = iphoneos;
				SWIFT_COMPILATION_MODE = wholemodule;
				SWIFT_OPTIMIZATION_LEVEL = "-O";
				VALIDATE_PRODUCT = YES;
			};
			name = Release;
		};
		A561944D28889746002DACD6 /* Debug */ = {
			isa = XCBuildConfiguration;
			buildSettings = {
				ASSETCATALOG_COMPILER_APPICON_NAME = AppIcon;
				ASSETCATALOG_COMPILER_GLOBAL_ACCENT_COLOR_NAME = AccentColor;
				CODE_SIGN_STYLE = Automatic;
				CURRENT_PROJECT_VERSION = 1;
				DEVELOPMENT_ASSET_PATHS = "\"Workstation/Preview Content\"";
				DEVELOPMENT_TEAM = 643777P7GD;
				ENABLE_PREVIEWS = YES;
				GENERATE_INFOPLIST_FILE = YES;
				INFOPLIST_KEY_UIApplicationSceneManifest_Generation = YES;
				INFOPLIST_KEY_UIApplicationSupportsIndirectInputEvents = YES;
				INFOPLIST_KEY_UILaunchScreen_Generation = YES;
				INFOPLIST_KEY_UISupportedInterfaceOrientations_iPad = "UIInterfaceOrientationPortrait UIInterfaceOrientationPortraitUpsideDown UIInterfaceOrientationLandscapeLeft UIInterfaceOrientationLandscapeRight";
				INFOPLIST_KEY_UISupportedInterfaceOrientations_iPhone = "UIInterfaceOrientationPortrait UIInterfaceOrientationLandscapeLeft UIInterfaceOrientationLandscapeRight";
				LD_RUNPATH_SEARCH_PATHS = (
					"$(inherited)",
					"@executable_path/Frameworks",
				);
				MARKETING_VERSION = 1.0;
				PRODUCT_BUNDLE_IDENTIFIER = io.abover.Workstation;
				PRODUCT_NAME = "$(TARGET_NAME)";
				SWIFT_EMIT_LOC_STRINGS = YES;
				SWIFT_VERSION = 5.0;
				TARGETED_DEVICE_FAMILY = "1,2";
			};
			name = Debug;
		};
		A561944E28889746002DACD6 /* Release */ = {
			isa = XCBuildConfiguration;
			buildSettings = {
				ASSETCATALOG_COMPILER_APPICON_NAME = AppIcon;
				ASSETCATALOG_COMPILER_GLOBAL_ACCENT_COLOR_NAME = AccentColor;
				CODE_SIGN_STYLE = Automatic;
				CURRENT_PROJECT_VERSION = 1;
				DEVELOPMENT_ASSET_PATHS = "\"Workstation/Preview Content\"";
				DEVELOPMENT_TEAM = 643777P7GD;
				ENABLE_PREVIEWS = YES;
				GENERATE_INFOPLIST_FILE = YES;
				INFOPLIST_KEY_UIApplicationSceneManifest_Generation = YES;
				INFOPLIST_KEY_UIApplicationSupportsIndirectInputEvents = YES;
				INFOPLIST_KEY_UILaunchScreen_Generation = YES;
				INFOPLIST_KEY_UISupportedInterfaceOrientations_iPad = "UIInterfaceOrientationPortrait UIInterfaceOrientationPortraitUpsideDown UIInterfaceOrientationLandscapeLeft UIInterfaceOrientationLandscapeRight";
				INFOPLIST_KEY_UISupportedInterfaceOrientations_iPhone = "UIInterfaceOrientationPortrait UIInterfaceOrientationLandscapeLeft UIInterfaceOrientationLandscapeRight";
				LD_RUNPATH_SEARCH_PATHS = (
					"$(inherited)",
					"@executable_path/Frameworks",
				);
				MARKETING_VERSION = 1.0;
				PRODUCT_BUNDLE_IDENTIFIER = io.abover.Workstation;
				PRODUCT_NAME = "$(TARGET_NAME)";
				SWIFT_EMIT_LOC_STRINGS = YES;
				SWIFT_VERSION = 5.0;
				TARGETED_DEVICE_FAMILY = "1,2";
			};
			name = Release;
		};
		A561945028889746002DACD6 /* Debug */ = {
			isa = XCBuildConfiguration;
			buildSettings = {
				ALWAYS_EMBED_SWIFT_STANDARD_LIBRARIES = YES;
				BUNDLE_LOADER = "$(TEST_HOST)";
				CODE_SIGN_STYLE = Automatic;
				CURRENT_PROJECT_VERSION = 1;
				DEVELOPMENT_TEAM = 643777P7GD;
				GENERATE_INFOPLIST_FILE = YES;
				IPHONEOS_DEPLOYMENT_TARGET = 15.5;
				MARKETING_VERSION = 1.0;
				PRODUCT_BUNDLE_IDENTIFIER = io.abover.WorkstationTests;
				PRODUCT_NAME = "$(TARGET_NAME)";
				SWIFT_EMIT_LOC_STRINGS = NO;
				SWIFT_VERSION = 5.0;
				TARGETED_DEVICE_FAMILY = "1,2";
				TEST_HOST = "$(BUILT_PRODUCTS_DIR)/Workstation.app/Workstation";
			};
			name = Debug;
		};
		A561945128889746002DACD6 /* Release */ = {
			isa = XCBuildConfiguration;
			buildSettings = {
				ALWAYS_EMBED_SWIFT_STANDARD_LIBRARIES = YES;
				BUNDLE_LOADER = "$(TEST_HOST)";
				CODE_SIGN_STYLE = Automatic;
				CURRENT_PROJECT_VERSION = 1;
				DEVELOPMENT_TEAM = 643777P7GD;
				GENERATE_INFOPLIST_FILE = YES;
				IPHONEOS_DEPLOYMENT_TARGET = 15.5;
				MARKETING_VERSION = 1.0;
				PRODUCT_BUNDLE_IDENTIFIER = io.abover.WorkstationTests;
				PRODUCT_NAME = "$(TARGET_NAME)";
				SWIFT_EMIT_LOC_STRINGS = NO;
				SWIFT_VERSION = 5.0;
				TARGETED_DEVICE_FAMILY = "1,2";
				TEST_HOST = "$(BUILT_PRODUCTS_DIR)/Workstation.app/Workstation";
			};
			name = Release;
		};
		A561945328889746002DACD6 /* Debug */ = {
			isa = XCBuildConfiguration;
			buildSettings = {
				ALWAYS_EMBED_SWIFT_STANDARD_LIBRARIES = YES;
				CODE_SIGN_STYLE = Automatic;
				CURRENT_PROJECT_VERSION = 1;
				DEVELOPMENT_TEAM = 643777P7GD;
				GENERATE_INFOPLIST_FILE = YES;
				MARKETING_VERSION = 1.0;
				PRODUCT_BUNDLE_IDENTIFIER = io.abover.WorkstationUITests;
				PRODUCT_NAME = "$(TARGET_NAME)";
				SWIFT_EMIT_LOC_STRINGS = NO;
				SWIFT_VERSION = 5.0;
				TARGETED_DEVICE_FAMILY = "1,2";
				TEST_TARGET_NAME = Workstation;
			};
			name = Debug;
		};
		A561945428889746002DACD6 /* Release */ = {
			isa = XCBuildConfiguration;
			buildSettings = {
				ALWAYS_EMBED_SWIFT_STANDARD_LIBRARIES = YES;
				CODE_SIGN_STYLE = Automatic;
				CURRENT_PROJECT_VERSION = 1;
				DEVELOPMENT_TEAM = 643777P7GD;
				GENERATE_INFOPLIST_FILE = YES;
				MARKETING_VERSION = 1.0;
				PRODUCT_BUNDLE_IDENTIFIER = io.abover.WorkstationUITests;
				PRODUCT_NAME = "$(TARGET_NAME)";
				SWIFT_EMIT_LOC_STRINGS = NO;
				SWIFT_VERSION = 5.0;
				TARGETED_DEVICE_FAMILY = "1,2";
				TEST_TARGET_NAME = Workstation;
			};
			name = Release;
		};
/* End XCBuildConfiguration section */

/* Begin XCConfigurationList section */
		A561942328889744002DACD6 /* Build configuration list for PBXProject "Workstation" */ = {
			isa = XCConfigurationList;
			buildConfigurations = (
				A561944A28889746002DACD6 /* Debug */,
				A561944B28889746002DACD6 /* Release */,
			);
			defaultConfigurationIsVisible = 0;
			defaultConfigurationName = Release;
		};
		A561944C28889746002DACD6 /* Build configuration list for PBXNativeTarget "Workstation" */ = {
			isa = XCConfigurationList;
			buildConfigurations = (
				A561944D28889746002DACD6 /* Debug */,
				A561944E28889746002DACD6 /* Release */,
			);
			defaultConfigurationIsVisible = 0;
			defaultConfigurationName = Release;
		};
		A561944F28889746002DACD6 /* Build configuration list for PBXNativeTarget "WorkstationTests" */ = {
			isa = XCConfigurationList;
			buildConfigurations = (
				A561945028889746002DACD6 /* Debug */,
				A561945128889746002DACD6 /* Release */,
			);
			defaultConfigurationIsVisible = 0;
			defaultConfigurationName = Release;
		};
		A561945228889746002DACD6 /* Build configuration list for PBXNativeTarget "WorkstationUITests" */ = {
			isa = XCConfigurationList;
			buildConfigurations = (
				A561945328889746002DACD6 /* Debug */,
				A561945428889746002DACD6 /* Release */,
			);
			defaultConfigurationIsVisible = 0;
			defaultConfigurationName = Release;
		};
/* End XCConfigurationList section */
	};
	rootObject = A561942028889744002DACD6 /* Project object */;
}
